
Microsoft Visual Studio Solution File, Format Version 12.00
# Visual Studio 15
VisualStudioVersion = 15.0.28307.705
MinimumVisualStudioVersion = 10.0.40219.1
Project("{FAE04EC0-301F-11D3-BF4B-00C04F79EFBC}") = "dbutilitytool", "dbutilitytool\dbutilitytool.csproj", "{513CFBC3-F864-4F21-B3F7-FDB13618A6F0}"
EndProject
Project("{FAE04EC0-301F-11D3-BF4B-00C04F79EFBC}") = "BLL", "BLL\BLL.csproj", "{12B4858C-4D4E-4BB9-8AFB-65C30919C84D}"
EndProject
Project("{FAE04EC0-301F-11D3-BF4B-00C04F79EFBC}") = "BOL", "BOL\BOL.csproj", "{CB09912E-607E-4F7A-96D8-135DEF890213}"
EndProject
Project("{FAE04EC0-301F-11D3-BF4B-00C04F79EFBC}") = "DAL", "DAL\DAL.csproj", "{33E22971-7C3F-46BD-9399-A000392B146B}"
EndProject
Global
	GlobalSection(SolutionConfigurationPlatforms) = preSolution
		Debug|Any CPU = Debug|Any CPU
		Release|Any CPU = Release|Any CPU
	EndGlobalSection
	GlobalSection(ProjectConfigurationPlatforms) = postSolution
		{513CFBC3-F864-4F21-B3F7-FDB13618A6F0}.Debug|Any CPU.ActiveCfg = Debug|Any CPU
		{513CFBC3-F864-4F21-B3F7-FDB13618A6F0}.Debug|Any CPU.Build.0 = Debug|Any CPU
		{513CFBC3-F864-4F21-B3F7-FDB13618A6F0}.Release|Any CPU.ActiveCfg = Release|Any CPU
		{513CFBC3-F864-4F21-B3F7-FDB13618A6F0}.Release|Any CPU.Build.0 = Release|Any CPU
		{12B4858C-4D4E-4BB9-8AFB-65C30919C84D}.Debug|Any CPU.ActiveCfg = Debug|Any CPU
		{12B4858C-4D4E-4BB9-8AFB-65C30919C84D}.Debug|Any CPU.Build.0 = Debug|Any CPU
		{12B4858C-4D4E-4BB9-8AFB-65C30919C84D}.Release|Any CPU.ActiveCfg = Release|Any CPU
		{12B4858C-4D4E-4BB9-8AFB-65C30919C84D}.Release|Any CPU.Build.0 = Release|Any CPU
		{CB09912E-607E-4F7A-96D8-135DEF890213}.Debug|Any CPU.ActiveCfg = Debug|Any CPU
		{CB09912E-607E-4F7A-96D8-135DEF890213}.Debug|Any CPU.Build.0 = Debug|Any CPU
		{CB09912E-607E-4F7A-96D8-135DEF890213}.Release|Any CPU.ActiveCfg = Release|Any CPU
		{CB09912E-607E-4F7A-96D8-135DEF890213}.Release|Any CPU.Build.0 = Release|Any CPU
		{33E22971-7C3F-46BD-9399-A000392B146B}.Debug|Any CPU.ActiveCfg = Debug|Any CPU
		{33E22971-7C3F-46BD-9399-A000392B146B}.Debug|Any CPU.Build.0 = Debug|Any CPU
		{33E22971-7C3F-46BD-9399-A000392B146B}.Release|Any CPU.ActiveCfg = Release|Any CPU
		{33E22971-7C3F-46BD-9399-A000392B146B}.Release|Any CPU.Build.0 = Release|Any CPU
	EndGlobalSection
	GlobalSection(SolutionProperties) = preSolution
		HideSolutionNode = FALSE
	EndGlobalSection
	GlobalSection(ExtensibilityGlobals) = postSolution
		SolutionGuid = {6700A6C7-4E57-4B42-BD14-BC225AED0FEB}
	EndGlobalSection
EndGlobal
